// !$*UTF8*$!
{
	archiveVersion = 1;
	classes = {
	};
	objectVersion = 56;
	objects = {

/* Begin PBXBuildFile section */
		844109BD29DA84780008069B /* Extensions.swift in Sources */ = {isa = PBXBuildFile; fileRef = 844109BC29DA84780008069B /* Extensions.swift */; };
		846A659929D555F700F9514E /* Study_CoreML_SwiftUIApp.swift in Sources */ = {isa = PBXBuildFile; fileRef = 846A659829D555F700F9514E /* Study_CoreML_SwiftUIApp.swift */; };
		846A659B29D555F700F9514E /* ContentView.swift in Sources */ = {isa = PBXBuildFile; fileRef = 846A659A29D555F700F9514E /* ContentView.swift */; };
		846A659D29D555F800F9514E /* Assets.xcassets in Resources */ = {isa = PBXBuildFile; fileRef = 846A659C29D555F800F9514E /* Assets.xcassets */; };
		846A65A029D555F800F9514E /* Preview Assets.xcassets in Resources */ = {isa = PBXBuildFile; fileRef = 846A659F29D555F800F9514E /* Preview Assets.xcassets */; };
		846A65A829D575DE00F9514E /* fer2013_mini_XCEPTION.mlmodel in Sources */ = {isa = PBXBuildFile; fileRef = 846A65A729D575DE00F9514E /* fer2013_mini_XCEPTION.mlmodel */; };
		846A65AA29D5780600F9514E /* VisionManager.swift in Sources */ = {isa = PBXBuildFile; fileRef = 846A65A929D5780600F9514E /* VisionManager.swift */; };
/* End PBXBuildFile section */

/* Begin PBXFileReference section */
		844109BC29DA84780008069B /* Extensions.swift */ = {isa = PBXFileReference; lastKnownFileType = sourcecode.swift; path = Extensions.swift; sourceTree = "<group>"; };
		846A659529D555F700F9514E /* Study-CoreML-SwiftUI.app */ = {isa = PBXFileReference; explicitFileType = wrapper.application; includeInIndex = 0; path = "Study-CoreML-SwiftUI.app"; sourceTree = BUILT_PRODUCTS_DIR; };
		846A659829D555F700F9514E /* Study_CoreML_SwiftUIApp.swift */ = {isa = PBXFileReference; lastKnownFileType = sourcecode.swift; path = Study_CoreML_SwiftUIApp.swift; sourceTree = "<group>"; };
		846A659A29D555F700F9514E /* ContentView.swift */ = {isa = PBXFileReference; lastKnownFileType = sourcecode.swift; path = ContentView.swift; sourceTree = "<group>"; };
		846A659C29D555F800F9514E /* Assets.xcassets */ = {isa = PBXFileReference; lastKnownFileType = folder.assetcatalog; path = Assets.xcassets; sourceTree = "<group>"; };
		846A659F29D555F800F9514E /* Preview Assets.xcassets */ = {isa = PBXFileReference; lastKnownFileType = folder.assetcatalog; path = "Preview Assets.xcassets"; sourceTree = "<group>"; };
		846A65A129D555F800F9514E /* Study_CoreML_SwiftUI.entitlements */ = {isa = PBXFileReference; lastKnownFileType = text.plist.entitlements; path = Study_CoreML_SwiftUI.entitlements; sourceTree = "<group>"; };
		846A65A729D575DE00F9514E /* fer2013_mini_XCEPTION.mlmodel */ = {isa = PBXFileReference; lastKnownFileType = file.mlmodel; name = fer2013_mini_XCEPTION.mlmodel; path = "../../../../Downloads/IBY-camera-light-mac/IBYVirtualCameraLightPlugin/fer2013_mini_XCEPTION.mlmodel"; sourceTree = "<group>"; };
		846A65A929D5780600F9514E /* VisionManager.swift */ = {isa = PBXFileReference; lastKnownFileType = sourcecode.swift; path = VisionManager.swift; sourceTree = "<group>"; };
/* End PBXFileReference section */

/* Begin PBXFrameworksBuildPhase section */
		846A659229D555F700F9514E /* Frameworks */ = {
			isa = PBXFrameworksBuildPhase;
			buildActionMask = 2147483647;
			files = (
			);
			runOnlyForDeploymentPostprocessing = 0;
		};
/* End PBXFrameworksBuildPhase section */

/* Begin PBXGroup section */
		846A658C29D555F700F9514E = {
			isa = PBXGroup;
			children = (
				846A659729D555F700F9514E /* Study-CoreML-SwiftUI */,
				846A659629D555F700F9514E /* Products */,
			);
			sourceTree = "<group>";
		};
		846A659629D555F700F9514E /* Products */ = {
			isa = PBXGroup;
			children = (
				846A659529D555F700F9514E /* Study-CoreML-SwiftUI.app */,
			);
			name = Products;
			sourceTree = "<group>";
		};
		846A659729D555F700F9514E /* Study-CoreML-SwiftUI */ = {
			isa = PBXGroup;
			children = (
				846A659829D555F700F9514E /* Study_CoreML_SwiftUIApp.swift */,
				844109BC29DA84780008069B /* Extensions.swift */,
				846A659A29D555F700F9514E /* ContentView.swift */,
				846A65A929D5780600F9514E /* VisionManager.swift */,
				846A65A729D575DE00F9514E /* fer2013_mini_XCEPTION.mlmodel */,
				846A659C29D555F800F9514E /* Assets.xcassets */,
				846A65A129D555F800F9514E /* Study_CoreML_SwiftUI.entitlements */,
				846A659E29D555F800F9514E /* Preview Content */,
			);
			path = "Study-CoreML-SwiftUI";
			sourceTree = "<group>";
		};
		846A659E29D555F800F9514E /* Preview Content */ = {
			isa = PBXGroup;
			children = (
				846A659F29D555F800F9514E /* Preview Assets.xcassets */,
			);
			path = "Preview Content";
			sourceTree = "<group>";
		};
/* End PBXGroup section */

/* Begin PBXNativeTarget section */
		846A659429D555F700F9514E /* Study-CoreML-SwiftUI */ = {
			isa = PBXNativeTarget;
			buildConfigurationList = 846A65A429D555F800F9514E /* Build configuration list for PBXNativeTarget "Study-CoreML-SwiftUI" */;
			buildPhases = (
				846A659129D555F700F9514E /* Sources */,
				846A659229D555F700F9514E /* Frameworks */,
				846A659329D555F700F9514E /* Resources */,
			);
			buildRules = (
			);
			dependencies = (
			);
			name = "Study-CoreML-SwiftUI";
			productName = "Study-CoreML-SwiftUI";
			productReference = 846A659529D555F700F9514E /* Study-CoreML-SwiftUI.app */;
			productType = "com.apple.product-type.application";
		};
/* End PBXNativeTarget section */

/* Begin PBXProject section */
		846A658D29D555F700F9514E /* Project object */ = {
			isa = PBXProject;
			attributes = {
				BuildIndependentTargetsInParallel = 1;
				LastSwiftUpdateCheck = 1420;
				LastUpgradeCheck = 1420;
				TargetAttributes = {
					846A659429D555F700F9514E = {
						CreatedOnToolsVersion = 14.2;
					};
				};
			};
			buildConfigurationList = 846A659029D555F700F9514E /* Build configuration list for PBXProject "Study-CoreML-SwiftUI" */;
			compatibilityVersion = "Xcode 14.0";
			developmentRegion = en;
			hasScannedForEncodings = 0;
			knownRegions = (
				en,
				Base,
			);
			mainGroup = 846A658C29D555F700F9514E;
			productRefGroup = 846A659629D555F700F9514E /* Products */;
			projectDirPath = "";
			projectRoot = "";
			targets = (
				846A659429D555F700F9514E /* Study-CoreML-SwiftUI */,
			);
		};
/* End PBXProject section */

/* Begin PBXResourcesBuildPhase section */
		846A659329D555F700F9514E /* Resources */ = {
			isa = PBXResourcesBuildPhase;
			buildActionMask = 2147483647;
			files = (
				846A65A029D555F800F9514E /* Preview Assets.xcassets in Resources */,
				846A659D29D555F800F9514E /* Assets.xcassets in Resources */,
			);
			runOnlyForDeploymentPostprocessing = 0;
		};
/* End PBXResourcesBuildPhase section */

/* Begin PBXSourcesBuildPhase section */
		846A659129D555F700F9514E /* Sources */ = {
			isa = PBXSourcesBuildPhase;
			buildActionMask = 2147483647;
			files = (
				844109BD29DA84780008069B /* Extensions.swift in Sources */,
				846A659B29D555F700F9514E /* ContentView.swift in Sources */,
				846A65AA29D5780600F9514E /* VisionManager.swift in Sources */,
				846A659929D555F700F9514E /* Study_CoreML_SwiftUIApp.swift in Sources */,
				846A65A829D575DE00F9514E /* fer2013_mini_XCEPTION.mlmodel in Sources */,
			);
			runOnlyForDeploymentPostprocessing = 0;
		};
/* End PBXSourcesBuildPhase section */

/* Begin XCBuildConfiguration section */
		846A65A229D555F800F9514E /* Debug */ = {
			isa = XCBuildConfiguration;
			buildSettings = {
				ALWAYS_SEARCH_USER_PATHS = NO;
				CLANG_ANALYZER_NONNULL = YES;
				CLANG_ANALYZER_NUMBER_OBJECT_CONVERSION = YES_AGGRESSIVE;
				CLANG_CXX_LANGUAGE_STANDARD = "gnu++20";
				CLANG_ENABLE_MODULES = YES;
				CLANG_ENABLE_OBJC_ARC = YES;
				CLANG_ENABLE_OBJC_WEAK = YES;
				CLANG_WARN_BLOCK_CAPTURE_AUTORELEASING = YES;
				CLANG_WARN_BOOL_CONVERSION = YES;
				CLANG_WARN_COMMA = YES;
				CLANG_WARN_CONSTANT_CONVERSION = YES;
				CLANG_WARN_DEPRECATED_OBJC_IMPLEMENTATIONS = YES;
				CLANG_WARN_DIRECT_OBJC_ISA_USAGE = YES_ERROR;
				CLANG_WARN_DOCUMENTATION_COMMENTS = YES;
				CLANG_WARN_EMPTY_BODY = YES;
				CLANG_WARN_ENUM_CONVERSION = YES;
				CLANG_WARN_INFINITE_RECURSION = YES;
				CLANG_WARN_INT_CONVERSION = YES;
				CLANG_WARN_NON_LITERAL_NULL_CONVERSION = YES;
				CLANG_WARN_OBJC_IMPLICIT_RETAIN_SELF = YES;
				CLANG_WARN_OBJC_LITERAL_CONVERSION = YES;
				CLANG_WARN_OBJC_ROOT_CLASS = YES_ERROR;
				CLANG_WARN_QUOTED_INCLUDE_IN_FRAMEWORK_HEADER = YES;
				CLANG_WARN_RANGE_LOOP_ANALYSIS = YES;
				CLANG_WARN_STRICT_PROTOTYPES = YES;
				CLANG_WARN_SUSPICIOUS_MOVE = YES;
				CLANG_WARN_UNGUARDED_AVAILABILITY = YES_AGGRESSIVE;
				CLANG_WARN_UNREACHABLE_CODE = YES;
				CLANG_WARN__DUPLICATE_METHOD_MATCH = YES;
				COPY_PHASE_STRIP = NO;
				DEBUG_INFORMATION_FORMAT = dwarf;
				ENABLE_STRICT_OBJC_MSGSEND = YES;
				ENABLE_TESTABILITY = YES;
				GCC_C_LANGUAGE_STANDARD = gnu11;
				GCC_DYNAMIC_NO_PIC = NO;
				GCC_NO_COMMON_BLOCKS = YES;
				GCC_OPTIMIZATION_LEVEL = 0;
				GCC_PREPROCESSOR_DEFINITIONS = (
					"DEBUG=1",
					"$(inherited)",
				);
				GCC_WARN_64_TO_32_BIT_CONVERSION = YES;
				GCC_WARN_ABOUT_RETURN_TYPE = YES_ERROR;
				GCC_WARN_UNDECLARED_SELECTOR = YES;
				GCC_WARN_UNINITIALIZED_AUTOS = YES_AGGRESSIVE;
				GCC_WARN_UNUSED_FUNCTION = YES;
				GCC_WARN_UNUSED_VARIABLE = YES;
				MACOSX_DEPLOYMENT_TARGET = 13.1;
				MTL_ENABLE_DEBUG_INFO = INCLUDE_SOURCE;
				MTL_FAST_MATH = YES;
				ONLY_ACTIVE_ARCH = YES;
				SDKROOT = macosx;
				SWIFT_ACTIVE_COMPILATION_CONDITIONS = DEBUG;
				SWIFT_OPTIMIZATION_LEVEL = "-Onone";
			};
			name = Debug;
		};
		846A65A329D555F800F9514E /* Release */ = {
			isa = XCBuildConfiguration;
			buildSettings = {
				ALWAYS_SEARCH_USER_PATHS = NO;
				CLANG_ANALYZER_NONNULL = YES;
				CLANG_ANALYZER_NUMBER_OBJECT_CONVERSION = YES_AGGRESSIVE;
				CLANG_CXX_LANGUAGE_STANDARD = "gnu++20";
				CLANG_ENABLE_MODULES = YES;
				CLANG_ENABLE_OBJC_ARC = YES;
				CLANG_ENABLE_OBJC_WEAK = YES;
				CLANG_WARN_BLOCK_CAPTURE_AUTORELEASING = YES;
				CLANG_WARN_BOOL_CONVERSION = YES;
				CLANG_WARN_COMMA = YES;
				CLANG_WARN_CONSTANT_CONVERSION = YES;
				CLANG_WARN_DEPRECATED_OBJC_IMPLEMENTATIONS = YES;
				CLANG_WARN_DIRECT_OBJC_ISA_USAGE = YES_ERROR;
				CLANG_WARN_DOCUMENTATION_COMMENTS = YES;
				CLANG_WARN_EMPTY_BODY = YES;
				CLANG_WARN_ENUM_CONVERSION = YES;
				CLANG_WARN_INFINITE_RECURSION = YES;
				CLANG_WARN_INT_CONVERSION = YES;
				CLANG_WARN_NON_LITERAL_NULL_CONVERSION = YES;
				CLANG_WARN_OBJC_IMPLICIT_RETAIN_SELF = YES;
				CLANG_WARN_OBJC_LITERAL_CONVERSION = YES;
				CLANG_WARN_OBJC_ROOT_CLASS = YES_ERROR;
				CLANG_WARN_QUOTED_INCLUDE_IN_FRAMEWORK_HEADER = YES;
				CLANG_WARN_RANGE_LOOP_ANALYSIS = YES;
				CLANG_WARN_STRICT_PROTOTYPES = YES;
				CLANG_WARN_SUSPICIOUS_MOVE = YES;
				CLANG_WARN_UNGUARDED_AVAILABILITY = YES_AGGRESSIVE;
				CLANG_WARN_UNREACHABLE_CODE = YES;
				CLANG_WARN__DUPLICATE_METHOD_MATCH = YES;
				COPY_PHASE_STRIP = NO;
				DEBUG_INFORMATION_FORMAT = "dwarf-with-dsym";
				ENABLE_NS_ASSERTIONS = NO;
				ENABLE_STRICT_OBJC_MSGSEND = YES;
				GCC_C_LANGUAGE_STANDARD = gnu11;
				GCC_NO_COMMON_BLOCKS = YES;
				GCC_WARN_64_TO_32_BIT_CONVERSION = YES;
				GCC_WARN_ABOUT_RETURN_TYPE = YES_ERROR;
				GCC_WARN_UNDECLARED_SELECTOR = YES;
				GCC_WARN_UNINITIALIZED_AUTOS = YES_AGGRESSIVE;
				GCC_WARN_UNUSED_FUNCTION = YES;
				GCC_WARN_UNUSED_VARIABLE = YES;
				MACOSX_DEPLOYMENT_TARGET = 13.1;
				MTL_ENABLE_DEBUG_INFO = NO;
				MTL_FAST_MATH = YES;
				SDKROOT = macosx;
				SWIFT_COMPILATION_MODE = wholemodule;
				SWIFT_OPTIMIZATION_LEVEL = "-O";
			};
			name = Release;
		};
		846A65A529D555F800F9514E /* Debug */ = {
			isa = XCBuildConfiguration;
			buildSettings = {
				ASSETCATALOG_COMPILER_APPICON_NAME = AppIcon;
				ASSETCATALOG_COMPILER_GLOBAL_ACCENT_COLOR_NAME = AccentColor;
				CODE_SIGN_ENTITLEMENTS = "Study-CoreML-SwiftUI/Study_CoreML_SwiftUI.entitlements";
				CODE_SIGN_STYLE = Automatic;
				COMBINE_HIDPI_IMAGES = YES;
				CURRENT_PROJECT_VERSION = 1;
				DEVELOPMENT_ASSET_PATHS = "\"Study-CoreML-SwiftUI/Preview Content\"";
				ENABLE_PREVIEWS = YES;
				GENERATE_INFOPLIST_FILE = YES;
				INFOPLIST_KEY_NSHumanReadableCopyright = "";
				LD_RUNPATH_SEARCH_PATHS = (
					"$(inherited)",
					"@executable_path/../Frameworks",
				);
				MARKETING_VERSION = 1.0;
				PRODUCT_BUNDLE_IDENTIFIER = "com.alam.shafiul.Study-CoreML-SwiftUI";
				PRODUCT_NAME = "$(TARGET_NAME)";
				SWIFT_EMIT_LOC_STRINGS = YES;
				SWIFT_VERSION = 5.0;
			};
			name = Debug;
		};
		846A65A629D555F800F9514E /* Release */ = {
			isa = XCBuildConfiguration;
			buildSettings = {
				ASSETCATALOG_COMPILER_APPICON_NAME = AppIcon;
				ASSETCATALOG_COMPILER_GLOBAL_ACCENT_COLOR_NAME = AccentColor;
				CODE_SIGN_ENTITLEMENTS = "Study-CoreML-SwiftUI/Study_CoreML_SwiftUI.entitlements";
				CODE_SIGN_STYLE = Automatic;
				COMBINE_HIDPI_IMAGES = YES;
				CURRENT_PROJECT_VERSION = 1;
				DEVELOPMENT_ASSET_PATHS = "\"Study-CoreML-SwiftUI/Preview Content\"";
				ENABLE_PREVIEWS = YES;
				GENERATE_INFOPLIST_FILE = YES;
				INFOPLIST_KEY_NSHumanReadableCopyright = "";
				LD_RUNPATH_SEARCH_PATHS = (
					"$(inherited)",
					"@executable_path/../Frameworks",
				);
				MARKETING_VERSION = 1.0;
				PRODUCT_BUNDLE_IDENTIFIER = "com.alam.shafiul.Study-CoreML-SwiftUI";
				PRODUCT_NAME = "$(TARGET_NAME)";
				SWIFT_EMIT_LOC_STRINGS = YES;
				SWIFT_VERSION = 5.0;
			};
			name = Release;
		};
/* End XCBuildConfiguration section */

/* Begin XCConfigurationList section */
		846A659029D555F700F9514E /* Build configuration list for PBXProject "Study-CoreML-SwiftUI" */ = {
			isa = XCConfigurationList;
			buildConfigurations = (
				846A65A229D555F800F9514E /* Debug */,
				846A65A329D555F800F9514E /* Release */,
			);
			defaultConfigurationIsVisible = 0;
			defaultConfigurationName = Release;
		};
		846A65A429D555F800F9514E /* Build configuration list for PBXNativeTarget "Study-CoreML-SwiftUI" */ = {
			isa = XCConfigurationList;
			buildConfigurations = (
				846A65A529D555F800F9514E /* Debug */,
				846A65A629D555F800F9514E /* Release */,
			);
			defaultConfigurationIsVisible = 0;
			defaultConfigurationName = Release;
		};
/* End XCConfigurationList section */
	};
	rootObject = 846A658D29D555F700F9514E /* Project object */;
}
